
Microsoft Visual Studio Solution File, Format Version 12.00
# Visual Studio 15
VisualStudioVersion = 15.0.26730.16
MinimumVisualStudioVersion = 10.0.40219.1
Project("{FAE04EC0-301F-11D3-BF4B-00C04F79EFBC}") = "CodingDojo1_wi16b141", "CodingDojo1_wi16b141\CodingDojo1_wi16b141.csproj", "{F25C44DD-6849-47A3-BE92-ADC5CF6312DC}"
EndProject
Global
	GlobalSection(SolutionConfigurationPlatforms) = preSolution
		Debug|Any CPU = Debug|Any CPU
		Release|Any CPU = Release|Any CPU
	EndGlobalSection
	GlobalSection(ProjectConfigurationPlatforms) = postSolution
		{F25C44DD-6849-47A3-BE92-ADC5CF6312DC}.Debug|Any CPU.ActiveCfg = Debug|Any CPU
		{F25C44DD-6849-47A3-BE92-ADC5CF6312DC}.Debug|Any CPU.Build.0 = Debug|Any CPU
		{F25C44DD-6849-47A3-BE92-ADC5CF6312DC}.Release|Any CPU.ActiveCfg = Release|Any CPU
		{F25C44DD-6849-47A3-BE92-ADC5CF6312DC}.Release|Any CPU.Build.0 = Release|Any CPU
	EndGlobalSection
	GlobalSection(SolutionProperties) = preSolution
		HideSolutionNode = FALSE
	EndGlobalSection
	GlobalSection(ExtensibilityGlobals) = postSolution
		SolutionGuid = {540E67CD-4399-4642-B0DB-1778090D3A1A}
	EndGlobalSection
EndGlobal
